
Microsoft Visual Studio Solution File, Format Version 12.00
# Visual Studio Version 17
VisualStudioVersion = 17.0.31903.59
MinimumVisualStudioVersion = 10.0.40219.1
Project("{2150E333-8FDC-42A3-9474-1A3956D46DE8}") = "src", "src", "{827E0CD3-B72D-47B6-A68D-7590B98EB39B}"
EndProject
Project("{2150E333-8FDC-42A3-9474-1A3956D46DE8}") = "BuildingBlocks", "BuildingBlocks", "{90298CBA-BD6F-3A0A-69D5-97CAD7B05E7E}"
EndProject
Project("{FAE04EC0-301F-11D3-BF4B-00C04F79EFBC}") = "BuildingBlocks.Application", "src\BuildingBlocks\BuildingBlocks.Application\BuildingBlocks.Application.csproj", "{53D0F687-EBCE-4E14-9F39-556FF5C3426E}"
EndProject
Project("{FAE04EC0-301F-11D3-BF4B-00C04F79EFBC}") = "BuildingBlocks.Domain", "src\BuildingBlocks\BuildingBlocks.Domain\BuildingBlocks.Domain.csproj", "{184A2B4C-2687-47BD-9A0E-CA6841EAE444}"
EndProject
Project("{FAE04EC0-301F-11D3-BF4B-00C04F79EFBC}") = "BuildingBlocks.Infrastructure", "src\BuildingBlocks\BuildingBlocks.Infrastructure\BuildingBlocks.Infrastructure.csproj", "{2BAC754D-8796-4923-AC5A-5EC4E7107F9D}"
EndProject
Project("{2150E333-8FDC-42A3-9474-1A3956D46DE8}") = "Modules", "Modules", "{EC447DCF-ABFA-6E24-52A5-D7FD48A5C558}"
EndProject
Project("{2150E333-8FDC-42A3-9474-1A3956D46DE8}") = "Identity", "Identity", "{0EC62A1A-9858-3A60-8A0C-FC9AACFA2EC7}"
EndProject
Project("{FAE04EC0-301F-11D3-BF4B-00C04F79EFBC}") = "Identity.Application", "src\Modules\Identity\Identity.Application\Identity.Application.csproj", "{DE3C4340-919A-410F-AE75-0BB519F1F1C9}"
EndProject
Project("{FAE04EC0-301F-11D3-BF4B-00C04F79EFBC}") = "Identity.Domain", "src\Modules\Identity\Identity.Domain\Identity.Domain.csproj", "{A5CBCFDC-9BCE-42AE-B722-39C65A605073}"
EndProject
Project("{FAE04EC0-301F-11D3-BF4B-00C04F79EFBC}") = "Identity.Infrastructure", "src\Modules\Identity\Identity.Infrastructure\Identity.Infrastructure.csproj", "{9E931F66-A8BF-4825-826D-15ACC945D89F}"
EndProject
Project("{2150E333-8FDC-42A3-9474-1A3956D46DE8}") = "Wallet", "Wallet", "{1EE309CE-3C56-E0B4-4D30-990A2802E0F7}"
EndProject
Project("{FAE04EC0-301F-11D3-BF4B-00C04F79EFBC}") = "Wallet.Application", "src\Modules\Wallet\Wallet.Application\Wallet.Application.csproj", "{6944C79B-053A-42C7-82BF-DECD2E3BDAF1}"
EndProject
Project("{FAE04EC0-301F-11D3-BF4B-00C04F79EFBC}") = "Wallet.Domain", "src\Modules\Wallet\Wallet.Domain\Wallet.Domain.csproj", "{93FBDBCA-08E0-48C3-B987-F82817F70110}"
EndProject
Project("{FAE04EC0-301F-11D3-BF4B-00C04F79EFBC}") = "Wallet.Infrastructure", "src\Modules\Wallet\Wallet.Infrastructure\Wallet.Infrastructure.csproj", "{8275E2AE-C708-4F53-B97A-B9D648536E8B}"
EndProject
Project("{2150E333-8FDC-42A3-9474-1A3956D46DE8}") = "Accounting", "Accounting", "{981520C5-C4A1-C200-0F0F-BFA3F127FA90}"
EndProject
Project("{FAE04EC0-301F-11D3-BF4B-00C04F79EFBC}") = "Accounting.Application", "src\Modules\Accounting\Accounting.Application\Accounting.Application.csproj", "{1585A370-C5B9-4A9A-8B91-B85F69669394}"
EndProject
Project("{FAE04EC0-301F-11D3-BF4B-00C04F79EFBC}") = "Accounting.Domain", "src\Modules\Accounting\Accounting.Domain\Accounting.Domain.csproj", "{81186495-026F-4785-8F2B-08C6E8707A04}"
EndProject
Project("{FAE04EC0-301F-11D3-BF4B-00C04F79EFBC}") = "Accounting.Infrastructure", "src\Modules\Accounting\Accounting.Infrastructure\Accounting.Infrastructure.csproj", "{795E0069-B6DB-4C91-9D23-5C22913D89F2}"
EndProject
Project("{2150E333-8FDC-42A3-9474-1A3956D46DE8}") = "API", "API", "{81034408-37C8-1011-444E-4C15C2FADA8E}"
EndProject
Project("{FAE04EC0-301F-11D3-BF4B-00C04F79EFBC}") = "FinancialSystem.API", "src\API\FinancialSystem.API\FinancialSystem.API.csproj", "{0013679D-E827-41F1-B8AD-FF968196C0AB}"
EndProject
Project("{2150E333-8FDC-42A3-9474-1A3956D46DE8}") = "tests", "tests", "{02EA681E-C7D8-13C7-8484-4AC65E1B71E8}"
EndProject
Project("{FAE04EC0-301F-11D3-BF4B-00C04F79EFBC}") = "UnitTests", "tests\UnitTests\UnitTests.csproj", "{80EC4201-7CE6-464A-A307-AF4538EFA6BF}"
EndProject
Project("{FAE04EC0-301F-11D3-BF4B-00C04F79EFBC}") = "IntegrationTests", "tests\IntegrationTests\IntegrationTests.csproj", "{2742476C-2BCB-44C6-A448-7DC90082E2E6}"
EndProject
Global
	GlobalSection(SolutionConfigurationPlatforms) = preSolution
		Debug|Any CPU = Debug|Any CPU
		Debug|x64 = Debug|x64
		Debug|x86 = Debug|x86
		Release|Any CPU = Release|Any CPU
		Release|x64 = Release|x64
		Release|x86 = Release|x86
	EndGlobalSection
	GlobalSection(ProjectConfigurationPlatforms) = postSolution
		{53D0F687-EBCE-4E14-9F39-556FF5C3426E}.Debug|Any CPU.ActiveCfg = Debug|Any CPU
		{53D0F687-EBCE-4E14-9F39-556FF5C3426E}.Debug|Any CPU.Build.0 = Debug|Any CPU
		{53D0F687-EBCE-4E14-9F39-556FF5C3426E}.Debug|x64.ActiveCfg = Debug|Any CPU
		{53D0F687-EBCE-4E14-9F39-556FF5C3426E}.Debug|x64.Build.0 = Debug|Any CPU
		{53D0F687-EBCE-4E14-9F39-556FF5C3426E}.Debug|x86.ActiveCfg = Debug|Any CPU
		{53D0F687-EBCE-4E14-9F39-556FF5C3426E}.Debug|x86.Build.0 = Debug|Any CPU
		{53D0F687-EBCE-4E14-9F39-556FF5C3426E}.Release|Any CPU.ActiveCfg = Release|Any CPU
		{53D0F687-EBCE-4E14-9F39-556FF5C3426E}.Release|Any CPU.Build.0 = Release|Any CPU
		{53D0F687-EBCE-4E14-9F39-556FF5C3426E}.Release|x64.ActiveCfg = Release|Any CPU
		{53D0F687-EBCE-4E14-9F39-556FF5C3426E}.Release|x64.Build.0 = Release|Any CPU
		{53D0F687-EBCE-4E14-9F39-556FF5C3426E}.Release|x86.ActiveCfg = Release|Any CPU
		{53D0F687-EBCE-4E14-9F39-556FF5C3426E}.Release|x86.Build.0 = Release|Any CPU
		{184A2B4C-2687-47BD-9A0E-CA6841EAE444}.Debug|Any CPU.ActiveCfg = Debug|Any CPU
		{184A2B4C-2687-47BD-9A0E-CA6841EAE444}.Debug|Any CPU.Build.0 = Debug|Any CPU
		{184A2B4C-2687-47BD-9A0E-CA6841EAE444}.Debug|x64.ActiveCfg = Debug|Any CPU
		{184A2B4C-2687-47BD-9A0E-CA6841EAE444}.Debug|x64.Build.0 = Debug|Any CPU
		{184A2B4C-2687-47BD-9A0E-CA6841EAE444}.Debug|x86.ActiveCfg = Debug|Any CPU
		{184A2B4C-2687-47BD-9A0E-CA6841EAE444}.Debug|x86.Build.0 = Debug|Any CPU
		{184A2B4C-2687-47BD-9A0E-CA6841EAE444}.Release|Any CPU.ActiveCfg = Release|Any CPU
		{184A2B4C-2687-47BD-9A0E-CA6841EAE444}.Release|Any CPU.Build.0 = Release|Any CPU
		{184A2B4C-2687-47BD-9A0E-CA6841EAE444}.Release|x64.ActiveCfg = Release|Any CPU
		{184A2B4C-2687-47BD-9A0E-CA6841EAE444}.Release|x64.Build.0 = Release|Any CPU
		{184A2B4C-2687-47BD-9A0E-CA6841EAE444}.Release|x86.ActiveCfg = Release|Any CPU
		{184A2B4C-2687-47BD-9A0E-CA6841EAE444}.Release|x86.Build.0 = Release|Any CPU
		{2BAC754D-8796-4923-AC5A-5EC4E7107F9D}.Debug|Any CPU.ActiveCfg = Debug|Any CPU
		{2BAC754D-8796-4923-AC5A-5EC4E7107F9D}.Debug|Any CPU.Build.0 = Debug|Any CPU
		{2BAC754D-8796-4923-AC5A-5EC4E7107F9D}.Debug|x64.ActiveCfg = Debug|Any CPU
		{2BAC754D-8796-4923-AC5A-5EC4E7107F9D}.Debug|x64.Build.0 = Debug|Any CPU
		{2BAC754D-8796-4923-AC5A-5EC4E7107F9D}.Debug|x86.ActiveCfg = Debug|Any CPU
		{2BAC754D-8796-4923-AC5A-5EC4E7107F9D}.Debug|x86.Build.0 = Debug|Any CPU
		{2BAC754D-8796-4923-AC5A-5EC4E7107F9D}.Release|Any CPU.ActiveCfg = Release|Any CPU
		{2BAC754D-8796-4923-AC5A-5EC4E7107F9D}.Release|Any CPU.Build.0 = Release|Any CPU
		{2BAC754D-8796-4923-AC5A-5EC4E7107F9D}.Release|x64.ActiveCfg = Release|Any CPU
		{2BAC754D-8796-4923-AC5A-5EC4E7107F9D}.Release|x64.Build.0 = Release|Any CPU
		{2BAC754D-8796-4923-AC5A-5EC4E7107F9D}.Release|x86.ActiveCfg = Release|Any CPU
		{2BAC754D-8796-4923-AC5A-5EC4E7107F9D}.Release|x86.Build.0 = Release|Any CPU
		{DE3C4340-919A-410F-AE75-0BB519F1F1C9}.Debug|Any CPU.ActiveCfg = Debug|Any CPU
		{DE3C4340-919A-410F-AE75-0BB519F1F1C9}.Debug|Any CPU.Build.0 = Debug|Any CPU
		{DE3C4340-919A-410F-AE75-0BB519F1F1C9}.Debug|x64.ActiveCfg = Debug|Any CPU
		{DE3C4340-919A-410F-AE75-0BB519F1F1C9}.Debug|x64.Build.0 = Debug|Any CPU
		{DE3C4340-919A-410F-AE75-0BB519F1F1C9}.Debug|x86.ActiveCfg = Debug|Any CPU
		{DE3C4340-919A-410F-AE75-0BB519F1F1C9}.Debug|x86.Build.0 = Debug|Any CPU
		{DE3C4340-919A-410F-AE75-0BB519F1F1C9}.Release|Any CPU.ActiveCfg = Release|Any CPU
		{DE3C4340-919A-410F-AE75-0BB519F1F1C9}.Release|Any CPU.Build.0 = Release|Any CPU
		{DE3C4340-919A-410F-AE75-0BB519F1F1C9}.Release|x64.ActiveCfg = Release|Any CPU
		{DE3C4340-919A-410F-AE75-0BB519F1F1C9}.Release|x64.Build.0 = Release|Any CPU
		{DE3C4340-919A-410F-AE75-0BB519F1F1C9}.Release|x86.ActiveCfg = Release|Any CPU
		{DE3C4340-919A-410F-AE75-0BB519F1F1C9}.Release|x86.Build.0 = Release|Any CPU
		{A5CBCFDC-9BCE-42AE-B722-39C65A605073}.Debug|Any CPU.ActiveCfg = Debug|Any CPU
		{A5CBCFDC-9BCE-42AE-B722-39C65A605073}.Debug|Any CPU.Build.0 = Debug|Any CPU
		{A5CBCFDC-9BCE-42AE-B722-39C65A605073}.Debug|x64.ActiveCfg = Debug|Any CPU
		{A5CBCFDC-9BCE-42AE-B722-39C65A605073}.Debug|x64.Build.0 = Debug|Any CPU
		{A5CBCFDC-9BCE-42AE-B722-39C65A605073}.Debug|x86.ActiveCfg = Debug|Any CPU
		{A5CBCFDC-9BCE-42AE-B722-39C65A605073}.Debug|x86.Build.0 = Debug|Any CPU
		{A5CBCFDC-9BCE-42AE-B722-39C65A605073}.Release|Any CPU.ActiveCfg = Release|Any CPU
		{A5CBCFDC-9BCE-42AE-B722-39C65A605073}.Release|Any CPU.Build.0 = Release|Any CPU
		{A5CBCFDC-9BCE-42AE-B722-39C65A605073}.Release|x64.ActiveCfg = Release|Any CPU
		{A5CBCFDC-9BCE-42AE-B722-39C65A605073}.Release|x64.Build.0 = Release|Any CPU
		{A5CBCFDC-9BCE-42AE-B722-39C65A605073}.Release|x86.ActiveCfg = Release|Any CPU
		{A5CBCFDC-9BCE-42AE-B722-39C65A605073}.Release|x86.Build.0 = Release|Any CPU
		{9E931F66-A8BF-4825-826D-15ACC945D89F}.Debug|Any CPU.ActiveCfg = Debug|Any CPU
		{9E931F66-A8BF-4825-826D-15ACC945D89F}.Debug|Any CPU.Build.0 = Debug|Any CPU
		{9E931F66-A8BF-4825-826D-15ACC945D89F}.Debug|x64.ActiveCfg = Debug|Any CPU
		{9E931F66-A8BF-4825-826D-15ACC945D89F}.Debug|x64.Build.0 = Debug|Any CPU
		{9E931F66-A8BF-4825-826D-15ACC945D89F}.Debug|x86.ActiveCfg = Debug|Any CPU
		{9E931F66-A8BF-4825-826D-15ACC945D89F}.Debug|x86.Build.0 = Debug|Any CPU
		{9E931F66-A8BF-4825-826D-15ACC945D89F}.Release|Any CPU.ActiveCfg = Release|Any CPU
		{9E931F66-A8BF-4825-826D-15ACC945D89F}.Release|Any CPU.Build.0 = Release|Any CPU
		{9E931F66-A8BF-4825-826D-15ACC945D89F}.Release|x64.ActiveCfg = Release|Any CPU
		{9E931F66-A8BF-4825-826D-15ACC945D89F}.Release|x64.Build.0 = Release|Any CPU
		{9E931F66-A8BF-4825-826D-15ACC945D89F}.Release|x86.ActiveCfg = Release|Any CPU
		{9E931F66-A8BF-4825-826D-15ACC945D89F}.Release|x86.Build.0 = Release|Any CPU
		{6944C79B-053A-42C7-82BF-DECD2E3BDAF1}.Debug|Any CPU.ActiveCfg = Debug|Any CPU
		{6944C79B-053A-42C7-82BF-DECD2E3BDAF1}.Debug|Any CPU.Build.0 = Debug|Any CPU
		{6944C79B-053A-42C7-82BF-DECD2E3BDAF1}.Debug|x64.ActiveCfg = Debug|Any CPU
		{6944C79B-053A-42C7-82BF-DECD2E3BDAF1}.Debug|x64.Build.0 = Debug|Any CPU
		{6944C79B-053A-42C7-82BF-DECD2E3BDAF1}.Debug|x86.ActiveCfg = Debug|Any CPU
		{6944C79B-053A-42C7-82BF-DECD2E3BDAF1}.Debug|x86.Build.0 = Debug|Any CPU
		{6944C79B-053A-42C7-82BF-DECD2E3BDAF1}.Release|Any CPU.ActiveCfg = Release|Any CPU
		{6944C79B-053A-42C7-82BF-DECD2E3BDAF1}.Release|Any CPU.Build.0 = Release|Any CPU
		{6944C79B-053A-42C7-82BF-DECD2E3BDAF1}.Release|x64.ActiveCfg = Release|Any CPU
		{6944C79B-053A-42C7-82BF-DECD2E3BDAF1}.Release|x64.Build.0 = Release|Any CPU
		{6944C79B-053A-42C7-82BF-DECD2E3BDAF1}.Release|x86.ActiveCfg = Release|Any CPU
		{6944C79B-053A-42C7-82BF-DECD2E3BDAF1}.Release|x86.Build.0 = Release|Any CPU
		{93FBDBCA-08E0-48C3-B987-F82817F70110}.Debug|Any CPU.ActiveCfg = Debug|Any CPU
		{93FBDBCA-08E0-48C3-B987-F82817F70110}.Debug|Any CPU.Build.0 = Debug|Any CPU
		{93FBDBCA-08E0-48C3-B987-F82817F70110}.Debug|x64.ActiveCfg = Debug|Any CPU
		{93FBDBCA-08E0-48C3-B987-F82817F70110}.Debug|x64.Build.0 = Debug|Any CPU
		{93FBDBCA-08E0-48C3-B987-F82817F70110}.Debug|x86.ActiveCfg = Debug|Any CPU
		{93FBDBCA-08E0-48C3-B987-F82817F70110}.Debug|x86.Build.0 = Debug|Any CPU
		{93FBDBCA-08E0-48C3-B987-F82817F70110}.Release|Any CPU.ActiveCfg = Release|Any CPU
		{93FBDBCA-08E0-48C3-B987-F82817F70110}.Release|Any CPU.Build.0 = Release|Any CPU
		{93FBDBCA-08E0-48C3-B987-F82817F70110}.Release|x64.ActiveCfg = Release|Any CPU
		{93FBDBCA-08E0-48C3-B987-F82817F70110}.Release|x64.Build.0 = Release|Any CPU
		{93FBDBCA-08E0-48C3-B987-F82817F70110}.Release|x86.ActiveCfg = Release|Any CPU
		{93FBDBCA-08E0-48C3-B987-F82817F70110}.Release|x86.Build.0 = Release|Any CPU
		{8275E2AE-C708-4F53-B97A-B9D648536E8B}.Debug|Any CPU.ActiveCfg = Debug|Any CPU
		{8275E2AE-C708-4F53-B97A-B9D648536E8B}.Debug|Any CPU.Build.0 = Debug|Any CPU
		{8275E2AE-C708-4F53-B97A-B9D648536E8B}.Debug|x64.ActiveCfg = Debug|Any CPU
		{8275E2AE-C708-4F53-B97A-B9D648536E8B}.Debug|x64.Build.0 = Debug|Any CPU
		{8275E2AE-C708-4F53-B97A-B9D648536E8B}.Debug|x86.ActiveCfg = Debug|Any CPU
		{8275E2AE-C708-4F53-B97A-B9D648536E8B}.Debug|x86.Build.0 = Debug|Any CPU
		{8275E2AE-C708-4F53-B97A-B9D648536E8B}.Release|Any CPU.ActiveCfg = Release|Any CPU
		{8275E2AE-C708-4F53-B97A-B9D648536E8B}.Release|Any CPU.Build.0 = Release|Any CPU
		{8275E2AE-C708-4F53-B97A-B9D648536E8B}.Release|x64.ActiveCfg = Release|Any CPU
		{8275E2AE-C708-4F53-B97A-B9D648536E8B}.Release|x64.Build.0 = Release|Any CPU
		{8275E2AE-C708-4F53-B97A-B9D648536E8B}.Release|x86.ActiveCfg = Release|Any CPU
		{8275E2AE-C708-4F53-B97A-B9D648536E8B}.Release|x86.Build.0 = Release|Any CPU
		{1585A370-C5B9-4A9A-8B91-B85F69669394}.Debug|Any CPU.ActiveCfg = Debug|Any CPU
		{1585A370-C5B9-4A9A-8B91-B85F69669394}.Debug|Any CPU.Build.0 = Debug|Any CPU
		{1585A370-C5B9-4A9A-8B91-B85F69669394}.Debug|x64.ActiveCfg = Debug|Any CPU
		{1585A370-C5B9-4A9A-8B91-B85F69669394}.Debug|x64.Build.0 = Debug|Any CPU
		{1585A370-C5B9-4A9A-8B91-B85F69669394}.Debug|x86.ActiveCfg = Debug|Any CPU
		{1585A370-C5B9-4A9A-8B91-B85F69669394}.Debug|x86.Build.0 = Debug|Any CPU
		{1585A370-C5B9-4A9A-8B91-B85F69669394}.Release|Any CPU.ActiveCfg = Release|Any CPU
		{1585A370-C5B9-4A9A-8B91-B85F69669394}.Release|Any CPU.Build.0 = Release|Any CPU
		{1585A370-C5B9-4A9A-8B91-B85F69669394}.Release|x64.ActiveCfg = Release|Any CPU
		{1585A370-C5B9-4A9A-8B91-B85F69669394}.Release|x64.Build.0 = Release|Any CPU
		{1585A370-C5B9-4A9A-8B91-B85F69669394}.Release|x86.ActiveCfg = Release|Any CPU
		{1585A370-C5B9-4A9A-8B91-B85F69669394}.Release|x86.Build.0 = Release|Any CPU
		{81186495-026F-4785-8F2B-08C6E8707A04}.Debug|Any CPU.ActiveCfg = Debug|Any CPU
		{81186495-026F-4785-8F2B-08C6E8707A04}.Debug|Any CPU.Build.0 = Debug|Any CPU
		{81186495-026F-4785-8F2B-08C6E8707A04}.Debug|x64.ActiveCfg = Debug|Any CPU
		{81186495-026F-4785-8F2B-08C6E8707A04}.Debug|x64.Build.0 = Debug|Any CPU
		{81186495-026F-4785-8F2B-08C6E8707A04}.Debug|x86.ActiveCfg = Debug|Any CPU
		{81186495-026F-4785-8F2B-08C6E8707A04}.Debug|x86.Build.0 = Debug|Any CPU
		{81186495-026F-4785-8F2B-08C6E8707A04}.Release|Any CPU.ActiveCfg = Release|Any CPU
		{81186495-026F-4785-8F2B-08C6E8707A04}.Release|Any CPU.Build.0 = Release|Any CPU
		{81186495-026F-4785-8F2B-08C6E8707A04}.Release|x64.ActiveCfg = Release|Any CPU
		{81186495-026F-4785-8F2B-08C6E8707A04}.Release|x64.Build.0 = Release|Any CPU
		{81186495-026F-4785-8F2B-08C6E8707A04}.Release|x86.ActiveCfg = Release|Any CPU
		{81186495-026F-4785-8F2B-08C6E8707A04}.Release|x86.Build.0 = Release|Any CPU
		{795E0069-B6DB-4C91-9D23-5C22913D89F2}.Debug|Any CPU.ActiveCfg = Debug|Any CPU
		{795E0069-B6DB-4C91-9D23-5C22913D89F2}.Debug|Any CPU.Build.0 = Debug|Any CPU
		{795E0069-B6DB-4C91-9D23-5C22913D89F2}.Debug|x64.ActiveCfg = Debug|Any CPU
		{795E0069-B6DB-4C91-9D23-5C22913D89F2}.Debug|x64.Build.0 = Debug|Any CPU
		{795E0069-B6DB-4C91-9D23-5C22913D89F2}.Debug|x86.ActiveCfg = Debug|Any CPU
		{795E0069-B6DB-4C91-9D23-5C22913D89F2}.Debug|x86.Build.0 = Debug|Any CPU
		{795E0069-B6DB-4C91-9D23-5C22913D89F2}.Release|Any CPU.ActiveCfg = Release|Any CPU
		{795E0069-B6DB-4C91-9D23-5C22913D89F2}.Release|Any CPU.Build.0 = Release|Any CPU
		{795E0069-B6DB-4C91-9D23-5C22913D89F2}.Release|x64.ActiveCfg = Release|Any CPU
		{795E0069-B6DB-4C91-9D23-5C22913D89F2}.Release|x64.Build.0 = Release|Any CPU
		{795E0069-B6DB-4C91-9D23-5C22913D89F2}.Release|x86.ActiveCfg = Release|Any CPU
		{795E0069-B6DB-4C91-9D23-5C22913D89F2}.Release|x86.Build.0 = Release|Any CPU
		{0013679D-E827-41F1-B8AD-FF968196C0AB}.Debug|Any CPU.ActiveCfg = Debug|Any CPU
		{0013679D-E827-41F1-B8AD-FF968196C0AB}.Debug|Any CPU.Build.0 = Debug|Any CPU
		{0013679D-E827-41F1-B8AD-FF968196C0AB}.Debug|x64.ActiveCfg = Debug|Any CPU
		{0013679D-E827-41F1-B8AD-FF968196C0AB}.Debug|x64.Build.0 = Debug|Any CPU
		{0013679D-E827-41F1-B8AD-FF968196C0AB}.Debug|x86.ActiveCfg = Debug|Any CPU
		{0013679D-E827-41F1-B8AD-FF968196C0AB}.Debug|x86.Build.0 = Debug|Any CPU
		{0013679D-E827-41F1-B8AD-FF968196C0AB}.Release|Any CPU.ActiveCfg = Release|Any CPU
		{0013679D-E827-41F1-B8AD-FF968196C0AB}.Release|Any CPU.Build.0 = Release|Any CPU
		{0013679D-E827-41F1-B8AD-FF968196C0AB}.Release|x64.ActiveCfg = Release|Any CPU
		{0013679D-E827-41F1-B8AD-FF968196C0AB}.Release|x64.Build.0 = Release|Any CPU
		{0013679D-E827-41F1-B8AD-FF968196C0AB}.Release|x86.ActiveCfg = Release|Any CPU
		{0013679D-E827-41F1-B8AD-FF968196C0AB}.Release|x86.Build.0 = Release|Any CPU
		{80EC4201-7CE6-464A-A307-AF4538EFA6BF}.Debug|Any CPU.ActiveCfg = Debug|Any CPU
		{80EC4201-7CE6-464A-A307-AF4538EFA6BF}.Debug|Any CPU.Build.0 = Debug|Any CPU
		{80EC4201-7CE6-464A-A307-AF4538EFA6BF}.Debug|x64.ActiveCfg = Debug|Any CPU
		{80EC4201-7CE6-464A-A307-AF4538EFA6BF}.Debug|x64.Build.0 = Debug|Any CPU
		{80EC4201-7CE6-464A-A307-AF4538EFA6BF}.Debug|x86.ActiveCfg = Debug|Any CPU
		{80EC4201-7CE6-464A-A307-AF4538EFA6BF}.Debug|x86.Build.0 = Debug|Any CPU
		{80EC4201-7CE6-464A-A307-AF4538EFA6BF}.Release|Any CPU.ActiveCfg = Release|Any CPU
		{80EC4201-7CE6-464A-A307-AF4538EFA6BF}.Release|Any CPU.Build.0 = Release|Any CPU
		{80EC4201-7CE6-464A-A307-AF4538EFA6BF}.Release|x64.ActiveCfg = Release|Any CPU
		{80EC4201-7CE6-464A-A307-AF4538EFA6BF}.Release|x64.Build.0 = Release|Any CPU
		{80EC4201-7CE6-464A-A307-AF4538EFA6BF}.Release|x86.ActiveCfg = Release|Any CPU
		{80EC4201-7CE6-464A-A307-AF4538EFA6BF}.Release|x86.Build.0 = Release|Any CPU
		{2742476C-2BCB-44C6-A448-7DC90082E2E6}.Debug|Any CPU.ActiveCfg = Debug|Any CPU
		{2742476C-2BCB-44C6-A448-7DC90082E2E6}.Debug|Any CPU.Build.0 = Debug|Any CPU
		{2742476C-2BCB-44C6-A448-7DC90082E2E6}.Debug|x64.ActiveCfg = Debug|Any CPU
		{2742476C-2BCB-44C6-A448-7DC90082E2E6}.Debug|x64.Build.0 = Debug|Any CPU
		{2742476C-2BCB-44C6-A448-7DC90082E2E6}.Debug|x86.ActiveCfg = Debug|Any CPU
		{2742476C-2BCB-44C6-A448-7DC90082E2E6}.Debug|x86.Build.0 = Debug|Any CPU
		{2742476C-2BCB-44C6-A448-7DC90082E2E6}.Release|Any CPU.ActiveCfg = Release|Any CPU
		{2742476C-2BCB-44C6-A448-7DC90082E2E6}.Release|Any CPU.Build.0 = Release|Any CPU
		{2742476C-2BCB-44C6-A448-7DC90082E2E6}.Release|x64.ActiveCfg = Release|Any CPU
		{2742476C-2BCB-44C6-A448-7DC90082E2E6}.Release|x64.Build.0 = Release|Any CPU
		{2742476C-2BCB-44C6-A448-7DC90082E2E6}.Release|x86.ActiveCfg = Release|Any CPU
		{2742476C-2BCB-44C6-A448-7DC90082E2E6}.Release|x86.Build.0 = Release|Any CPU
	EndGlobalSection
	GlobalSection(SolutionProperties) = preSolution
		HideSolutionNode = FALSE
	EndGlobalSection
	GlobalSection(NestedProjects) = preSolution
		{90298CBA-BD6F-3A0A-69D5-97CAD7B05E7E} = {827E0CD3-B72D-47B6-A68D-7590B98EB39B}
		{53D0F687-EBCE-4E14-9F39-556FF5C3426E} = {90298CBA-BD6F-3A0A-69D5-97CAD7B05E7E}
		{184A2B4C-2687-47BD-9A0E-CA6841EAE444} = {90298CBA-BD6F-3A0A-69D5-97CAD7B05E7E}
		{2BAC754D-8796-4923-AC5A-5EC4E7107F9D} = {90298CBA-BD6F-3A0A-69D5-97CAD7B05E7E}
		{EC447DCF-ABFA-6E24-52A5-D7FD48A5C558} = {827E0CD3-B72D-47B6-A68D-7590B98EB39B}
		{0EC62A1A-9858-3A60-8A0C-FC9AACFA2EC7} = {EC447DCF-ABFA-6E24-52A5-D7FD48A5C558}
		{DE3C4340-919A-410F-AE75-0BB519F1F1C9} = {0EC62A1A-9858-3A60-8A0C-FC9AACFA2EC7}
		{A5CBCFDC-9BCE-42AE-B722-39C65A605073} = {0EC62A1A-9858-3A60-8A0C-FC9AACFA2EC7}
		{9E931F66-A8BF-4825-826D-15ACC945D89F} = {0EC62A1A-9858-3A60-8A0C-FC9AACFA2EC7}
		{1EE309CE-3C56-E0B4-4D30-990A2802E0F7} = {EC447DCF-ABFA-6E24-52A5-D7FD48A5C558}
		{6944C79B-053A-42C7-82BF-DECD2E3BDAF1} = {1EE309CE-3C56-E0B4-4D30-990A2802E0F7}
		{93FBDBCA-08E0-48C3-B987-F82817F70110} = {1EE309CE-3C56-E0B4-4D30-990A2802E0F7}
		{8275E2AE-C708-4F53-B97A-B9D648536E8B} = {1EE309CE-3C56-E0B4-4D30-990A2802E0F7}
		{981520C5-C4A1-C200-0F0F-BFA3F127FA90} = {EC447DCF-ABFA-6E24-52A5-D7FD48A5C558}
		{1585A370-C5B9-4A9A-8B91-B85F69669394} = {981520C5-C4A1-C200-0F0F-BFA3F127FA90}
		{81186495-026F-4785-8F2B-08C6E8707A04} = {981520C5-C4A1-C200-0F0F-BFA3F127FA90}
		{795E0069-B6DB-4C91-9D23-5C22913D89F2} = {981520C5-C4A1-C200-0F0F-BFA3F127FA90}
		{81034408-37C8-1011-444E-4C15C2FADA8E} = {827E0CD3-B72D-47B6-A68D-7590B98EB39B}
		{0013679D-E827-41F1-B8AD-FF968196C0AB} = {81034408-37C8-1011-444E-4C15C2FADA8E}
		{80EC4201-7CE6-464A-A307-AF4538EFA6BF} = {02EA681E-C7D8-13C7-8484-4AC65E1B71E8}
		{2742476C-2BCB-44C6-A448-7DC90082E2E6} = {02EA681E-C7D8-13C7-8484-4AC65E1B71E8}
	EndGlobalSection
	GlobalSection(ExtensibilityGlobals) = postSolution
		SolutionGuid = {6C1984AD-A168-4D1E-8DE7-ED80B22DF8C9}
	EndGlobalSection
EndGlobal
